{
	"name": "CyberButlerServer",
	"version": "0.3.3",
	"lockfileVersion": 3,
	"requires": true,
	"packages": {
		"": {
			"name": "CyberButlerServer",
			"version": "0.0.1",
			"license": "MIT",
			"dependencies": {
				"socks-proxy-agent": "^7.0.0",
				"ws": ">=8.17.1"
			},
			"engines": {
				"node": ">=20.0.0"
			}
		},
		"node_modules/agent-base": {
			"version": "6.0.2",
			"resolved": "https://registry.npmmirror.com/agent-base/-/agent-base-6.0.2.tgz",
			"integrity": "sha512-RZNwNclF7+MS/8bDg70amg32dyeZGZxiDuQmZxKLAlQjr3jGyLx+4Kkk58UO7D2QdgFIQCovuSuZESne6RG6XQ==",
			"dependencies": {
				"debug": "4"
			},
			"engines": {
				"node": ">= 6.0.0"
			}
		},
		"node_modules/debug": {
			"version": "4.3.5",
			"resolved": "https://registry.npmmirror.com/debug/-/debug-4.3.5.tgz",
			"integrity": "sha512-pt0bNEmneDIvdL1Xsd9oDQ/wrQRkXDT4AUWlNZNPKvW5x/jyO9VFXkJUP07vQ2upmw5PlaITaPKc31jK13V+jg==",
			"dependencies": {
				"ms": "2.1.2"
			},
			"engines": {
				"node": ">=6.0"
			},
			"peerDependenciesMeta": {
				"supports-color": {
					"optional": true
				}
			}
		},
		"node_modules/ip-address": {
			"version": "9.0.5",
			"resolved": "https://registry.npmmirror.com/ip-address/-/ip-address-9.0.5.tgz",
			"integrity": "sha512-zHtQzGojZXTwZTHQqra+ETKd4Sn3vgi7uBmlPoXVWZqYvuKmtI0l/VZTjqGmJY9x88GGOaZ9+G9ES8hC4T4X8g==",
			"dependencies": {
				"jsbn": "1.1.0",
				"sprintf-js": "^1.1.3"
			},
			"engines": {
				"node": ">= 12"
			}
		},
		"node_modules/jsbn": {
			"version": "1.1.0",
			"resolved": "https://registry.npmmirror.com/jsbn/-/jsbn-1.1.0.tgz",
			"integrity": "sha512-4bYVV3aAMtDTTu4+xsDYa6sy9GyJ69/amsu9sYF2zqjiEoZA5xJi3BrfX3uY+/IekIu7MwdObdbDWpoZdBv3/A=="
		},
		"node_modules/ms": {
			"version": "2.1.2",
			"resolved": "https://registry.npmmirror.com/ms/-/ms-2.1.2.tgz",
			"integrity": "sha512-sGkPx+VjMtmA6MX27oA4FBFELFCZZ4S4XqeGOXCv68tT+jb3vk/RyaKWP0PTKyWtmLSM0b+adUTEvbs1PEaH2w=="
		},
		"node_modules/smart-buffer": {
			"version": "4.2.0",
			"resolved": "https://registry.npmmirror.com/smart-buffer/-/smart-buffer-4.2.0.tgz",
			"integrity": "sha512-94hK0Hh8rPqQl2xXc3HsaBoOXKV20MToPkcXvwbISWLEs+64sBq5kFgn2kJDHb1Pry9yrP0dxrCI9RRci7RXKg==",
			"engines": {
				"node": ">= 6.0.0",
				"npm": ">= 3.0.0"
			}
		},
		"node_modules/socks": {
			"version": "2.8.3",
			"resolved": "https://registry.npmmirror.com/socks/-/socks-2.8.3.tgz",
			"integrity": "sha512-l5x7VUUWbjVFbafGLxPWkYsHIhEvmF85tbIeFZWc8ZPtoMyybuEhL7Jye/ooC4/d48FgOjSJXgsF/AJPYCW8Zw==",
			"dependencies": {
				"ip-address": "^9.0.5",
				"smart-buffer": "^4.2.0"
			},
			"engines": {
				"node": ">= 10.0.0",
				"npm": ">= 3.0.0"
			}
		},
		"node_modules/socks-proxy-agent": {
			"version": "7.0.0",
			"resolved": "https://registry.npmmirror.com/socks-proxy-agent/-/socks-proxy-agent-7.0.0.tgz",
			"integrity": "sha512-Fgl0YPZ902wEsAyiQ+idGd1A7rSFx/ayC1CQVMw5P+EQx2V0SgpGtf6OKFhVjPflPUl9YMmEOnmfjCdMUsygww==",
			"dependencies": {
				"agent-base": "^6.0.2",
				"debug": "^4.3.3",
				"socks": "^2.6.2"
			},
			"engines": {
				"node": ">= 10"
			}
		},
		"node_modules/sprintf-js": {
			"version": "1.1.3",
			"resolved": "https://registry.npmmirror.com/sprintf-js/-/sprintf-js-1.1.3.tgz",
			"integrity": "sha512-Oo+0REFV59/rz3gfJNKQiBlwfHaSESl1pcGyABQsnnIfWOFt6JNj5gCog2U6MLZ//IGYD+nA8nI+mTShREReaA=="
		},
		"node_modules/ws": {
			"version": "8.17.1",
			"resolved": "https://registry.npmmirror.com/ws/-/ws-8.17.1.tgz",
			"integrity": "sha512-6XQFvXTkbfUOZOKKILFG1PDK2NDQs4azKQl26T0YS5CxqWLgXajbPZ+h4gZekJyRqFU8pvnbAbbs/3TgRPy+GQ==",
			"engines": {
				"node": ">=10.0.0"
			},
			"peerDependencies": {
				"bufferutil": "^4.0.1",
				"utf-8-validate": ">=5.0.2"
			},
			"peerDependenciesMeta": {
				"bufferutil": {
					"optional": true
				},
				"utf-8-validate": {
					"optional": true
				}
			}
		}
	}
}